schema: '2.0'
stages:
  DataIngestion:
    cmd: python src\Pipeline\s1_dataIngestion.py
    deps:
    - path: src\Pipeline\s1_dataIngestion.py
      md5: 6470ef000b33e040e4a95c0f76d3a391
      size: 1283
    outs:
    - path: Data\01_RawData\Airline.csv
      md5: 891afd8932c19ef4d8723b53ff7784dc
      size: 1089598
  DataCleaning:
    cmd: python src\Pipeline\s2_Data_Cleaning.py
    deps:
    - path: Data\01_RawData\Airline.csv
      md5: 891afd8932c19ef4d8723b53ff7784dc
      size: 1089598
    - path: src\Pipeline\s2_Data_Cleaning.py
      md5: 06e2d714afe0a4cc82916879648228b7
      size: 6484
    outs:
    - path: Data\02_CleanedData\CleanedData.csv
      md5: 91467dadd2ab684380dae94f4542b1c9
      size: 688471
  RemoveOutliers:
    cmd: python src\Pipeline\s3_RemoveOutliers.py
    deps:
    - path: Data\02_CleanedData\CleanedData.csv
      md5: 91467dadd2ab684380dae94f4542b1c9
      size: 688471
    - path: constants.yaml
      md5: 3fa68a06e1e128bf68cbef0b5cab70a4
      size: 469
    - path: src\Pipeline\s3_RemoveOutliers.py
      md5: bafb9bdbd71012ee06bb7a4a446fb4fe
      size: 1717
    outs:
    - path: Data\03_noOutlierData\noOutlierDataFile.csv
      md5: 4b6c5f89a275dfed80ef617e79f1955a
      size: 645354
  Encoder_N_Scaler:
    cmd: python src\Pipeline\s4_Encoding.py
    deps:
    - path: Data\03_noOutlierData\noOutlierDataFile.csv
      md5: 4b6c5f89a275dfed80ef617e79f1955a
      size: 645354
    - path: constants.yaml
      md5: 3fa68a06e1e128bf68cbef0b5cab70a4
      size: 469
    - path: src\Pipeline\s4_Encoding.py
      md5: a16ba6283b76308a4768e5a6dc9077bb
      size: 3675
    outs:
    - path: Data\04_encoded_Data\X_test.csv
      md5: a2c2e92cf72e555f143c222c6aee0420
      size: 555550
    - path: Data\04_encoded_Data\X_train.csv
      md5: ab20a70c05d3626befce6ff3d00cea1f
      size: 1292915
    - path: Data\04_encoded_Data\y_test.csv
      md5: fbe2588070ad68444e48ef85dd70471d
      size: 19222
    - path: Data\04_encoded_Data\y_train.csv
      md5: 407cf31f2e506e33e1149091f2a027fb
      size: 44903
    - path: model\model_transform.pkl
      md5: b454a5e10abf64ca9214dc2a725fa7ad
      size: 4183
  Model_Training:
    cmd: python src\Pipeline\s5_Model_Training.py
    deps:
    - path: Data\04_encoded_Data\X_test.csv
      md5: a2c2e92cf72e555f143c222c6aee0420
      size: 555550
    - path: Data\04_encoded_Data\X_train.csv
      md5: ab20a70c05d3626befce6ff3d00cea1f
      size: 1292915
    - path: Data\04_encoded_Data\y_train.csv
      md5: 407cf31f2e506e33e1149091f2a027fb
      size: 44903
    - path: constants.yaml
      md5: 3fa68a06e1e128bf68cbef0b5cab70a4
      size: 469
    - path: modelsParams.yaml
      md5: 98f3dd0c4efd260eef5507295f363d1c
      size: 377
    - path: src\Pipeline\s5_Model_Training.py
      md5: c664018ddbd2e8610b13e2042a0f97de
      size: 6407
    outs:
    - path: reports\experiment_info.json
      md5: 50d45a142b12db4c5da00c7b67b2380c
      size: 82
  Register_Model:
    cmd: python src\Pipeline\s6_register_model.py
    deps:
    - path: reports\experiment_info.json
      md5: 50d45a142b12db4c5da00c7b67b2380c
      size: 82
    - path: src\Pipeline\s6_register_model.py
      md5: 5688b6a7b7b2a5f243c9216a6a2d2d43
      size: 2845
  stage_Transition_Model:
    cmd: python src\Pipeline\s7_stage_Transition.py
    deps:
    - path: reports\experiment_info.json
      md5: 50d45a142b12db4c5da00c7b67b2380c
      size: 82
    - path: src\Pipeline\s7_stage_Transition.py
      md5: d53635c920c798c9a6445b8ccc0a0487
      size: 1888
