schema: '2.0'
stages:
  DataIngestion:
    cmd: python src\Pipeline\s1_dataIngestion.py
    deps:
    - path: src\Pipeline\s1_dataIngestion.py
      hash: md5
      md5: a2f100f26f09e944e41521480de8ab1d
      size: 1283
    outs:
    - path: Data\01_RawData\Airline.csv
      hash: md5
      md5: e968031f6686a71a8ce6e4ce64b3c34e
      size: 1089598
  DataCleaning:
    cmd: python src\Pipeline\s2_Data_Cleaning.py
    deps:
    - path: Data\01_RawData\Airline.csv
      hash: md5
      md5: e968031f6686a71a8ce6e4ce64b3c34e
      size: 1089598
    - path: src\Pipeline\s2_Data_Cleaning.py
      hash: md5
      md5: 7c6cc03195c86b4d0975e5011ca9d9ed
      size: 6484
    outs:
    - path: Data\02_CleanedData\CleanedData.csv
      hash: md5
      md5: 2763dd87ba6ad209672cfdfd369b68ed
      size: 688471
  RemoveOutliers:
    cmd: python src\Pipeline\s3_RemoveOutliers.py
    deps:
    - path: Data\02_CleanedData\CleanedData.csv
      hash: md5
      md5: 2763dd87ba6ad209672cfdfd369b68ed
      size: 688471
    - path: constants.yaml
      hash: md5
      md5: a545b9d84b82227e8c7677648d21a05f
      size: 469
    - path: src\Pipeline\s3_RemoveOutliers.py
      hash: md5
      md5: 3056c80fe8d030ff8c1952663d96c90e
      size: 1717
    outs:
    - path: Data\03_noOutlierData\noOutlierDataFile.csv
      hash: md5
      md5: ec245070d337382adcb7cc4b8cf63541
      size: 646915
  Encoder_N_Scaler:
    cmd: python src\Pipeline\s4_Encoding.py
    deps:
    - path: Data\03_noOutlierData\noOutlierDataFile.csv
      hash: md5
      md5: ec245070d337382adcb7cc4b8cf63541
      size: 646915
    - path: constants.yaml
      hash: md5
      md5: a545b9d84b82227e8c7677648d21a05f
      size: 469
    - path: src\Pipeline\s4_Encoding.py
      hash: md5
      md5: c467cf81f0aef6a5ed66c99b9faeb16c
      size: 3675
    outs:
    - path: Data\04_encoded_Data\X_test.csv
      hash: md5
      md5: 8d49a8e4b90f794c6b6281f2bc458868
      size: 585076
    - path: Data\04_encoded_Data\X_train.csv
      hash: md5
      md5: 04cebf460419727b7e09080b3efa54f3
      size: 1364326
    - path: Data\04_encoded_Data\y_test.csv
      hash: md5
      md5: aa156b0f5a3cd628d482db0101137e29
      size: 19269
    - path: Data\04_encoded_Data\y_train.csv
      hash: md5
      md5: 409a81b1c6303a431f23b7398d5e9ef7
      size: 45038
    - path: model\model_transform.pkl
      hash: md5
      md5: 180df020ce8a70c12b6775723b8c711e
      size: 4183
  Model_Training:
    cmd: python src\Pipeline\s5_Model_Training.py
    deps:
    - path: Data\04_encoded_Data\X_test.csv
      hash: md5
      md5: 8d49a8e4b90f794c6b6281f2bc458868
      size: 585076
    - path: Data\04_encoded_Data\X_train.csv
      hash: md5
      md5: 04cebf460419727b7e09080b3efa54f3
      size: 1364326
    - path: Data\04_encoded_Data\y_train.csv
      hash: md5
      md5: 409a81b1c6303a431f23b7398d5e9ef7
      size: 45038
    - path: constants.yaml
      hash: md5
      md5: a545b9d84b82227e8c7677648d21a05f
      size: 469
    - path: modelsParams.yaml
      hash: md5
      md5: 71cef01411511df6d39ac0211f7e5bd7
      size: 377
    - path: src\Pipeline\s5_Model_Training.py
      hash: md5
      md5: 42645da569ba3c746f5822c5ddb2cdda
      size: 6308
    outs:
    - path: reports\experiment_info.json
      hash: md5
      md5: ce217fb574f86fabee8a247f628e7e4e
      size: 82
  Register_Model:
    cmd: python src\Pipeline\s6_register_model.py
    deps:
    - path: reports\experiment_info.json
      hash: md5
      md5: ce217fb574f86fabee8a247f628e7e4e
      size: 82
    - path: src\Pipeline\s6_register_model.py
      hash: md5
      md5: 1a920282607e6b05d4cc2274b53c97e6
      size: 2735
  stage_Transition_Model:
    cmd: python src\Pipeline\s7_stage_Transition.py
    deps:
    - path: reports\experiment_info.json
      hash: md5
      md5: ce217fb574f86fabee8a247f628e7e4e
      size: 82
    - path: src\Pipeline\s7_stage_Transition.py
      hash: md5
      md5: 66919f97fa1765bb2c1121c18ee393b7
      size: 1798
